
Microsoft Visual Studio Solution File, Format Version 12.00
# Visual Studio 15
VisualStudioVersion = 15.0.27004.2009
MinimumVisualStudioVersion = 10.0.40219.1
Project("{FAE04EC0-301F-11D3-BF4B-00C04F79EFBC}") = "Asela.Samples.Wpf.Ui", "Asela.Samples.Wpf.Ui\Asela.Samples.Wpf.Ui.csproj", "{80183C24-E192-4DCB-862A-460F4A3CE7B5}"
EndProject
Project("{2150E333-8FDC-42A3-9474-1A3956D46DE8}") = "Presentation", "Presentation", "{EF6646B5-23EB-4814-8B65-4F820BA78D4E}"
EndProject
Project("{2150E333-8FDC-42A3-9474-1A3956D46DE8}") = "Service", "Service", "{F9D71B2C-4E13-4B26-89BF-F4DA2689B2C8}"
EndProject
Project("{2150E333-8FDC-42A3-9474-1A3956D46DE8}") = "Application", "Application", "{7004ED33-E109-4C86-96C0-D08CAF115057}"
EndProject
Project("{FAE04EC0-301F-11D3-BF4B-00C04F79EFBC}") = "Asela.Samples.Wpf.Data", "Asela.Samples.Wpf.Data\Asela.Samples.Wpf.Data.csproj", "{B9A5CF96-3BAF-4E15-B151-A27422553D80}"
EndProject
Project("{2150E333-8FDC-42A3-9474-1A3956D46DE8}") = "DataLayer", "DataLayer", "{8727E747-FCB1-4384-A55E-45A5346B4C50}"
EndProject
Project("{2150E333-8FDC-42A3-9474-1A3956D46DE8}") = "CommonLayer", "CommonLayer", "{F4B59F62-1E60-4333-84C0-AE04D7A608B2}"
EndProject
Project("{FAE04EC0-301F-11D3-BF4B-00C04F79EFBC}") = "Asela.Samples.Wpf.Entities", "Asela.Samples.Wpf.Entities\Asela.Samples.Wpf.Entities.csproj", "{CFB2ED72-17BF-478D-B0EB-AB66C6BC4AFB}"
EndProject
Project("{FAE04EC0-301F-11D3-BF4B-00C04F79EFBC}") = "Asela.Samples.Wpf.Utilities", "Asela.Samples.Wpf.Utilities\Asela.Samples.Wpf.Utilities.csproj", "{C3866782-556B-4694-917C-92FB6B96C375}"
EndProject
Project("{FAE04EC0-301F-11D3-BF4B-00C04F79EFBC}") = "Asela.Samples.Wpf.Repository", "Asela.Samples.Wpf.Repository\Asela.Samples.Wpf.Repository.csproj", "{9B55887B-F564-44C8-89B2-119021525711}"
EndProject
Project("{2150E333-8FDC-42A3-9474-1A3956D46DE8}") = "BizLayer", "BizLayer", "{FF80624E-DBEB-4685-9BCF-5C440DD29772}"
EndProject
Project("{FAE04EC0-301F-11D3-BF4B-00C04F79EFBC}") = "Asela.Samples.Wpf.Business", "Asela.Samples.Wpf.Business\Asela.Samples.Wpf.Business.csproj", "{6C47F013-F529-4EA0-BF1D-46FED35AA789}"
EndProject
Project("{FAE04EC0-301F-11D3-BF4B-00C04F79EFBC}") = "Asela.Samples.Wpf.Api", "Asela.Samples.Wpf.Api\Asela.Samples.Wpf.Api.csproj", "{68E83E88-BAFB-4305-ACC6-AF309DCCE1F3}"
EndProject
Global
	GlobalSection(SolutionConfigurationPlatforms) = preSolution
		Debug|Any CPU = Debug|Any CPU
		Release|Any CPU = Release|Any CPU
	EndGlobalSection
	GlobalSection(ProjectConfigurationPlatforms) = postSolution
		{80183C24-E192-4DCB-862A-460F4A3CE7B5}.Debug|Any CPU.ActiveCfg = Debug|Any CPU
		{80183C24-E192-4DCB-862A-460F4A3CE7B5}.Debug|Any CPU.Build.0 = Debug|Any CPU
		{80183C24-E192-4DCB-862A-460F4A3CE7B5}.Release|Any CPU.ActiveCfg = Release|Any CPU
		{80183C24-E192-4DCB-862A-460F4A3CE7B5}.Release|Any CPU.Build.0 = Release|Any CPU
		{B9A5CF96-3BAF-4E15-B151-A27422553D80}.Debug|Any CPU.ActiveCfg = Debug|Any CPU
		{B9A5CF96-3BAF-4E15-B151-A27422553D80}.Debug|Any CPU.Build.0 = Debug|Any CPU
		{B9A5CF96-3BAF-4E15-B151-A27422553D80}.Release|Any CPU.ActiveCfg = Release|Any CPU
		{B9A5CF96-3BAF-4E15-B151-A27422553D80}.Release|Any CPU.Build.0 = Release|Any CPU
		{CFB2ED72-17BF-478D-B0EB-AB66C6BC4AFB}.Debug|Any CPU.ActiveCfg = Debug|Any CPU
		{CFB2ED72-17BF-478D-B0EB-AB66C6BC4AFB}.Debug|Any CPU.Build.0 = Debug|Any CPU
		{CFB2ED72-17BF-478D-B0EB-AB66C6BC4AFB}.Release|Any CPU.ActiveCfg = Release|Any CPU
		{CFB2ED72-17BF-478D-B0EB-AB66C6BC4AFB}.Release|Any CPU.Build.0 = Release|Any CPU
		{C3866782-556B-4694-917C-92FB6B96C375}.Debug|Any CPU.ActiveCfg = Debug|Any CPU
		{C3866782-556B-4694-917C-92FB6B96C375}.Debug|Any CPU.Build.0 = Debug|Any CPU
		{C3866782-556B-4694-917C-92FB6B96C375}.Release|Any CPU.ActiveCfg = Release|Any CPU
		{C3866782-556B-4694-917C-92FB6B96C375}.Release|Any CPU.Build.0 = Release|Any CPU
		{9B55887B-F564-44C8-89B2-119021525711}.Debug|Any CPU.ActiveCfg = Debug|Any CPU
		{9B55887B-F564-44C8-89B2-119021525711}.Debug|Any CPU.Build.0 = Debug|Any CPU
		{9B55887B-F564-44C8-89B2-119021525711}.Release|Any CPU.ActiveCfg = Release|Any CPU
		{9B55887B-F564-44C8-89B2-119021525711}.Release|Any CPU.Build.0 = Release|Any CPU
		{6C47F013-F529-4EA0-BF1D-46FED35AA789}.Debug|Any CPU.ActiveCfg = Debug|Any CPU
		{6C47F013-F529-4EA0-BF1D-46FED35AA789}.Debug|Any CPU.Build.0 = Debug|Any CPU
		{6C47F013-F529-4EA0-BF1D-46FED35AA789}.Release|Any CPU.ActiveCfg = Release|Any CPU
		{6C47F013-F529-4EA0-BF1D-46FED35AA789}.Release|Any CPU.Build.0 = Release|Any CPU
		{68E83E88-BAFB-4305-ACC6-AF309DCCE1F3}.Debug|Any CPU.ActiveCfg = Debug|Any CPU
		{68E83E88-BAFB-4305-ACC6-AF309DCCE1F3}.Debug|Any CPU.Build.0 = Debug|Any CPU
		{68E83E88-BAFB-4305-ACC6-AF309DCCE1F3}.Release|Any CPU.ActiveCfg = Release|Any CPU
		{68E83E88-BAFB-4305-ACC6-AF309DCCE1F3}.Release|Any CPU.Build.0 = Release|Any CPU
	EndGlobalSection
	GlobalSection(SolutionProperties) = preSolution
		HideSolutionNode = FALSE
	EndGlobalSection
	GlobalSection(NestedProjects) = preSolution
		{80183C24-E192-4DCB-862A-460F4A3CE7B5} = {EF6646B5-23EB-4814-8B65-4F820BA78D4E}
		{B9A5CF96-3BAF-4E15-B151-A27422553D80} = {8727E747-FCB1-4384-A55E-45A5346B4C50}
		{8727E747-FCB1-4384-A55E-45A5346B4C50} = {7004ED33-E109-4C86-96C0-D08CAF115057}
		{F4B59F62-1E60-4333-84C0-AE04D7A608B2} = {7004ED33-E109-4C86-96C0-D08CAF115057}
		{CFB2ED72-17BF-478D-B0EB-AB66C6BC4AFB} = {F4B59F62-1E60-4333-84C0-AE04D7A608B2}
		{C3866782-556B-4694-917C-92FB6B96C375} = {F4B59F62-1E60-4333-84C0-AE04D7A608B2}
		{9B55887B-F564-44C8-89B2-119021525711} = {8727E747-FCB1-4384-A55E-45A5346B4C50}
		{FF80624E-DBEB-4685-9BCF-5C440DD29772} = {7004ED33-E109-4C86-96C0-D08CAF115057}
		{6C47F013-F529-4EA0-BF1D-46FED35AA789} = {FF80624E-DBEB-4685-9BCF-5C440DD29772}
		{68E83E88-BAFB-4305-ACC6-AF309DCCE1F3} = {F9D71B2C-4E13-4B26-89BF-F4DA2689B2C8}
	EndGlobalSection
	GlobalSection(ExtensibilityGlobals) = postSolution
		SolutionGuid = {C46A914B-7F95-4DD6-A326-6073D5BF0CFB}
	EndGlobalSection
EndGlobal
